Microsoft Visual Studio Solution File, Format Version 11.00
# Visual Studio 2008

Project("{CA777D9B-BCAA-905A-E689-E275B74BFF8A}") = "Masochism", "Assembly-CSharp.csproj", "{7BB762BD-1402-6E84-EBD7-589BCC785902}"
EndProject
Global
	GlobalSection(SolutionConfigurationPlatforms) = preSolution
		Debug|Any CPU = Debug|Any CPU
		Release|Any CPU = Release|Any CPU
	EndGlobalSection
	GlobalSection(ProjectConfigurationPlatforms) = postSolution
		{7BB762BD-1402-6E84-EBD7-589BCC785902}.Debug|Any CPU.ActiveCfg = Debug|Any CPU
		{7BB762BD-1402-6E84-EBD7-589BCC785902}.Debug|Any CPU.Build.0 = Debug|Any CPU
		{7BB762BD-1402-6E84-EBD7-589BCC785902}.Release|Any CPU.ActiveCfg = Release|Any CPU
		{7BB762BD-1402-6E84-EBD7-589BCC785902}.Release|Any CPU.Build.0 = Release|Any CPU
	EndGlobalSection
	GlobalSection(SolutionProperties) = preSolution
		HideSolutionNode = FALSE
	EndGlobalSection
	GlobalSection(MonoDevelopProperties) = preSolution
		Policies = $0
		$0.DotNetNamingPolicy = $1
		$1.DirectoryNamespaceAssociation = None
		$1.ResourceNamePolicy = FileFormatDefault
		$0.TextStylePolicy = $2
		$2.inheritsSet = null
		$2.scope = text/x-csharp
		$0.CSharpFormattingPolicy = $3
		$3.AnonymousMethodBraceStyle = NextLine
		$3.PropertyBraceStyle = NextLine
		$3.PropertyGetBraceStyle = NextLine
		$3.PropertySetBraceStyle = NextLine
		$3.EventBraceStyle = NextLine
		$3.EventAddBraceStyle = NextLine
		$3.EventRemoveBraceStyle = NextLine
		$3.StatementBraceStyle = NextLine
		$3.ElseNewLinePlacement = NewLine
		$3.CatchNewLinePlacement = NewLine
		$3.FinallyNewLinePlacement = NewLine
		$3.EmbeddedStatementPlacement = DoNotCare
		$3.BeforeMethodDeclarationParentheses = False
		$3.WithinMethodDeclarationParentheses = True
		$3.BeforeMethodCallParentheses = False
		$3.WithinMethodCallParentheses = True
		$3.BeforeConstructorDeclarationParentheses = False
		$3.WithinConstructorDeclarationParentheses = True
		$3.BeforeIndexerDeclarationBracket = False
		$3.WithinIndexerDeclarationBracket = True
		$3.BeforeDelegateDeclarationParentheses = False
		$3.AfterDelegateDeclarationParameterComma = True
		$3.WithinDelegateDeclarationParentheses = True
		$3.NewParentheses = False
		$3.IfParentheses = False
		$3.WhileParentheses = False
		$3.ForParentheses = False
		$3.ForeachParentheses = False
		$3.CatchParentheses = False
		$3.SwitchParentheses = False
		$3.LockParentheses = False
		$3.UsingParentheses = False
		$3.WithinIfParentheses = True
		$3.WithinWhileParentheses = True
		$3.WithinForParentheses = True
		$3.WithinForEachParentheses = True
		$3.WithinCatchParentheses = True
		$3.WithinSwitchParentheses = True
		$3.WithinLockParentheses = True
		$3.WithinUsingParentheses = True
		$3.WithinNewParentheses = True
		$3.SpacesBeforeBrackets = False
		$3.inheritsSet = Mono
		$3.inheritsScope = text/x-csharp
		$3.scope = text/x-csharp
		$0.StandardHeader = $4
		$4.Text = 
		$4.IncludeInNewFiles = True
	EndGlobalSection
EndGlobal
