
Microsoft Visual Studio Solution File, Format Version 12.00
# Visual Studio 14
VisualStudioVersion = 14.0.25420.1
MinimumVisualStudioVersion = 10.0.40219.1
Project("{FAE04EC0-301F-11D3-BF4B-00C04F79EFBC}") = "ConsoleTetris", "ConsoleTetris\ConsoleTetris.csproj", "{DF442942-9115-490A-85C9-499B6A2606F6}"
EndProject
Project("{FAE04EC0-301F-11D3-BF4B-00C04F79EFBC}") = "Tetris", "..\Tetris\Tetris\Tetris.csproj", "{7766E554-6F2D-4CA0-9230-48A6B305572D}"
EndProject
Global
	GlobalSection(SolutionConfigurationPlatforms) = preSolution
		Debug|Any CPU = Debug|Any CPU
		Release|Any CPU = Release|Any CPU
	EndGlobalSection
	GlobalSection(ProjectConfigurationPlatforms) = postSolution
		{DF442942-9115-490A-85C9-499B6A2606F6}.Debug|Any CPU.ActiveCfg = Debug|Any CPU
		{DF442942-9115-490A-85C9-499B6A2606F6}.Debug|Any CPU.Build.0 = Debug|Any CPU
		{DF442942-9115-490A-85C9-499B6A2606F6}.Release|Any CPU.ActiveCfg = Release|Any CPU
		{DF442942-9115-490A-85C9-499B6A2606F6}.Release|Any CPU.Build.0 = Release|Any CPU
		{7766E554-6F2D-4CA0-9230-48A6B305572D}.Debug|Any CPU.ActiveCfg = Debug|Any CPU
		{7766E554-6F2D-4CA0-9230-48A6B305572D}.Debug|Any CPU.Build.0 = Debug|Any CPU
		{7766E554-6F2D-4CA0-9230-48A6B305572D}.Release|Any CPU.ActiveCfg = Release|Any CPU
		{7766E554-6F2D-4CA0-9230-48A6B305572D}.Release|Any CPU.Build.0 = Release|Any CPU
	EndGlobalSection
	GlobalSection(SolutionProperties) = preSolution
		HideSolutionNode = FALSE
	EndGlobalSection
EndGlobal
